# THIS IS AN AUTOGENERATED FILE. DO NOT EDIT THIS FILE DIRECTLY.
# yarn lockfile v1


"@tanstack/react-table@^8.9.8":
  version "8.9.8"
  resolved "https://registry.yarnpkg.com/@tanstack/react-table/-/react-table-8.9.8.tgz#5dd2dcc65bb569779d61e14ffa09aaf01e58f4f4"
  integrity sha512-ZUd+ZydvUP8+XLI+oQ3IcG6Pqq3vw94na3fViD/v0dsIVwgQaWanizeh+si/Pn/8eU0XgbSVU9VpejOJEbp/lg==
  dependencies:
    "@tanstack/table-core" "8.9.8"

"@tanstack/table-core@8.9.8":
  version "8.9.8"
  resolved "https://registry.yarnpkg.com/@tanstack/table-core/-/table-core-8.9.8.tgz#26e7e085fdc71030da643a3e0ac454f0e1088f3d"
  integrity sha512-f2Y/BcJy3IBkdDxWEk6WX6zJSmCDBI5iS0icr5DyeSbWsbnfaBtOIaeBjfnTEedt9Kk3xPmfciA6uSNOQ1BEXA==
